
Microsoft Visual Studio Solution File, Format Version 12.00
# Visual Studio Version 17
VisualStudioVersion = 17.12.35506.116 d17.12
MinimumVisualStudioVersion = 10.0.40219.1
Project("{2150E333-8FDC-42A3-9474-1A3956D46DE8}") = "Billing", "Billing", "{1124C47D-4147-4B5C-BB16-3CEEBC3D0219}"
EndProject
Project("{2150E333-8FDC-42A3-9474-1A3956D46DE8}") = "Contracts", "Contracts", "{AE65D526-A2E8-4BD2-8AF7-0E9CC841E8C3}"
EndProject
Project("{2150E333-8FDC-42A3-9474-1A3956D46DE8}") = "Notifications", "Notifications", "{0C40943B-77C9-440E-AC59-E6DD32FF6A5B}"
EndProject
Project("{2150E333-8FDC-42A3-9474-1A3956D46DE8}") = "OrderManagement", "OrderManagement", "{0F670C56-0026-45F0-86DC-5DCAA81154C0}"
EndProject
Project("{2150E333-8FDC-42A3-9474-1A3956D46DE8}") = "Payments", "Payments", "{4A87105D-0954-4A4B-BBC1-4E6B01F5B8FF}"
EndProject
Project("{2150E333-8FDC-42A3-9474-1A3956D46DE8}") = "Products", "Products", "{4066B33E-3DC9-4D12-B3A2-EFAEE1AD1CCB}"
EndProject
Project("{FAE04EC0-301F-11D3-BF4B-00C04F79EFBC}") = "Billing.Worker", "Billing\Billing.Worker\Billing.Worker.csproj", "{3086B886-9393-4E54-B042-A7296BB8E52E}"
EndProject
Project("{FAE04EC0-301F-11D3-BF4B-00C04F79EFBC}") = "Contracts", "Contracts\Contracts.csproj", "{E298DF24-CEDF-426D-8A7F-4054D40B1B35}"
EndProject
Project("{FAE04EC0-301F-11D3-BF4B-00C04F79EFBC}") = "AdminNotification.Worker", "Notifications\AdminNotification.Worker\AdminNotification.Worker.csproj", "{D743AD85-D9E6-4CC5-9521-641FCB1CA0D9}"
EndProject
Project("{FAE04EC0-301F-11D3-BF4B-00C04F79EFBC}") = "Orders.Data", "OrderManagement\Orders.Data\Orders.Data.csproj", "{5A694B66-3123-4B60-982C-B57CF4C5FAAA}"
EndProject
Project("{FAE04EC0-301F-11D3-BF4B-00C04F79EFBC}") = "Orders.Domain", "OrderManagement\Orders.Domain\Orders.Domain.csproj", "{15ED5338-9BB4-4946-A6F4-7E68AD03E4F3}"
EndProject
Project("{FAE04EC0-301F-11D3-BF4B-00C04F79EFBC}") = "Orders.Service", "OrderManagement\Orders.Service\Orders.Service.csproj", "{9A3F1760-FAD7-4D51-8A64-3CC5218C5BFB}"
EndProject
Project("{FAE04EC0-301F-11D3-BF4B-00C04F79EFBC}") = "OrdersApi", "OrderManagement\OrdersApi\OrdersApi.csproj", "{2CCBB236-4760-4E63-AFFB-AF50342666D6}"
EndProject
Project("{2150E333-8FDC-42A3-9474-1A3956D46DE8}") = "Components", "Components", "{53FBF486-0331-4E7E-AEA0-64A9F5E42272}"
EndProject
Project("{FAE04EC0-301F-11D3-BF4B-00C04F79EFBC}") = "OrderProcessing.Worker", "OrderManagement\Components\OrderProcessing.Worker\OrderProcessing.Worker.csproj", "{B85D6132-3983-4850-8D96-10721E127B8F}"
EndProject
Project("{FAE04EC0-301F-11D3-BF4B-00C04F79EFBC}") = "OrderSaga", "OrderManagement\Components\OrderSaga\OrderSaga.csproj", "{B5F566F5-BF23-4146-8E22-72CDC8CFF3A9}"
EndProject
Project("{2150E333-8FDC-42A3-9474-1A3956D46DE8}") = "External", "External", "{BEFA553A-9681-4805-86F2-A54865FE1EE8}"
EndProject
Project("{FAE04EC0-301F-11D3-BF4B-00C04F79EFBC}") = "WackyPayments", "Payments\External\WackyPayments\WackyPayments.csproj", "{E0769219-016A-4B4F-A10D-9CB0F7319967}"
EndProject
Project("{FAE04EC0-301F-11D3-BF4B-00C04F79EFBC}") = "PaymentProcessor", "Payments\PaymentProcessor\PaymentProcessor.csproj", "{1C453AE5-F661-4349-98E2-89B00B2FFC80}"
EndProject
Project("{2150E333-8FDC-42A3-9474-1A3956D46DE8}") = "Grpc", "Grpc", "{CD94126E-0E38-4D4A-84B8-AFCE60B86A35}"
EndProject
Project("{FAE04EC0-301F-11D3-BF4B-00C04F79EFBC}") = "Stocks", "Products\Grpc\Stocks\Stocks.csproj", "{50E953CE-E914-4AC7-A072-294CB5425020}"
EndProject
Project("{FAE04EC0-301F-11D3-BF4B-00C04F79EFBC}") = "Products.Data", "Products\Products.Data\Products.Data.csproj", "{157C49A4-D9DF-4A9C-A413-5F0EE286D59A}"
EndProject
Project("{FAE04EC0-301F-11D3-BF4B-00C04F79EFBC}") = "Products.Domain", "Products\Products.Domain\Products.Domain.csproj", "{4B223B28-3A75-4373-86A7-262AF614E6BD}"
EndProject
Project("{FAE04EC0-301F-11D3-BF4B-00C04F79EFBC}") = "Products.Service", "Products\Products.Service\Products.Service.csproj", "{66D780FF-F4BC-4B47-B852-26302183B554}"
EndProject
Project("{FAE04EC0-301F-11D3-BF4B-00C04F79EFBC}") = "ProductsApi", "Products\ProductsApi\ProductsApi.csproj", "{DC17D359-1CBD-4396-B601-E9E2D9DE6B3B}"
EndProject
Global
	GlobalSection(SolutionConfigurationPlatforms) = preSolution
		Debug|Any CPU = Debug|Any CPU
		Release|Any CPU = Release|Any CPU
	EndGlobalSection
	GlobalSection(ProjectConfigurationPlatforms) = postSolution
		{3086B886-9393-4E54-B042-A7296BB8E52E}.Debug|Any CPU.ActiveCfg = Debug|Any CPU
		{3086B886-9393-4E54-B042-A7296BB8E52E}.Debug|Any CPU.Build.0 = Debug|Any CPU
		{3086B886-9393-4E54-B042-A7296BB8E52E}.Release|Any CPU.ActiveCfg = Release|Any CPU
		{3086B886-9393-4E54-B042-A7296BB8E52E}.Release|Any CPU.Build.0 = Release|Any CPU
		{E298DF24-CEDF-426D-8A7F-4054D40B1B35}.Debug|Any CPU.ActiveCfg = Debug|Any CPU
		{E298DF24-CEDF-426D-8A7F-4054D40B1B35}.Debug|Any CPU.Build.0 = Debug|Any CPU
		{E298DF24-CEDF-426D-8A7F-4054D40B1B35}.Release|Any CPU.ActiveCfg = Release|Any CPU
		{E298DF24-CEDF-426D-8A7F-4054D40B1B35}.Release|Any CPU.Build.0 = Release|Any CPU
		{D743AD85-D9E6-4CC5-9521-641FCB1CA0D9}.Debug|Any CPU.ActiveCfg = Debug|Any CPU
		{D743AD85-D9E6-4CC5-9521-641FCB1CA0D9}.Debug|Any CPU.Build.0 = Debug|Any CPU
		{D743AD85-D9E6-4CC5-9521-641FCB1CA0D9}.Release|Any CPU.ActiveCfg = Release|Any CPU
		{D743AD85-D9E6-4CC5-9521-641FCB1CA0D9}.Release|Any CPU.Build.0 = Release|Any CPU
		{5A694B66-3123-4B60-982C-B57CF4C5FAAA}.Debug|Any CPU.ActiveCfg = Debug|Any CPU
		{5A694B66-3123-4B60-982C-B57CF4C5FAAA}.Debug|Any CPU.Build.0 = Debug|Any CPU
		{5A694B66-3123-4B60-982C-B57CF4C5FAAA}.Release|Any CPU.ActiveCfg = Release|Any CPU
		{5A694B66-3123-4B60-982C-B57CF4C5FAAA}.Release|Any CPU.Build.0 = Release|Any CPU
		{15ED5338-9BB4-4946-A6F4-7E68AD03E4F3}.Debug|Any CPU.ActiveCfg = Debug|Any CPU
		{15ED5338-9BB4-4946-A6F4-7E68AD03E4F3}.Debug|Any CPU.Build.0 = Debug|Any CPU
		{15ED5338-9BB4-4946-A6F4-7E68AD03E4F3}.Release|Any CPU.ActiveCfg = Release|Any CPU
		{15ED5338-9BB4-4946-A6F4-7E68AD03E4F3}.Release|Any CPU.Build.0 = Release|Any CPU
		{9A3F1760-FAD7-4D51-8A64-3CC5218C5BFB}.Debug|Any CPU.ActiveCfg = Debug|Any CPU
		{9A3F1760-FAD7-4D51-8A64-3CC5218C5BFB}.Debug|Any CPU.Build.0 = Debug|Any CPU
		{9A3F1760-FAD7-4D51-8A64-3CC5218C5BFB}.Release|Any CPU.ActiveCfg = Release|Any CPU
		{9A3F1760-FAD7-4D51-8A64-3CC5218C5BFB}.Release|Any CPU.Build.0 = Release|Any CPU
		{2CCBB236-4760-4E63-AFFB-AF50342666D6}.Debug|Any CPU.ActiveCfg = Debug|Any CPU
		{2CCBB236-4760-4E63-AFFB-AF50342666D6}.Debug|Any CPU.Build.0 = Debug|Any CPU
		{2CCBB236-4760-4E63-AFFB-AF50342666D6}.Release|Any CPU.ActiveCfg = Release|Any CPU
		{2CCBB236-4760-4E63-AFFB-AF50342666D6}.Release|Any CPU.Build.0 = Release|Any CPU
		{B85D6132-3983-4850-8D96-10721E127B8F}.Debug|Any CPU.ActiveCfg = Debug|Any CPU
		{B85D6132-3983-4850-8D96-10721E127B8F}.Debug|Any CPU.Build.0 = Debug|Any CPU
		{B85D6132-3983-4850-8D96-10721E127B8F}.Release|Any CPU.ActiveCfg = Release|Any CPU
		{B85D6132-3983-4850-8D96-10721E127B8F}.Release|Any CPU.Build.0 = Release|Any CPU
		{B5F566F5-BF23-4146-8E22-72CDC8CFF3A9}.Debug|Any CPU.ActiveCfg = Debug|Any CPU
		{B5F566F5-BF23-4146-8E22-72CDC8CFF3A9}.Debug|Any CPU.Build.0 = Debug|Any CPU
		{B5F566F5-BF23-4146-8E22-72CDC8CFF3A9}.Release|Any CPU.ActiveCfg = Release|Any CPU
		{B5F566F5-BF23-4146-8E22-72CDC8CFF3A9}.Release|Any CPU.Build.0 = Release|Any CPU
		{E0769219-016A-4B4F-A10D-9CB0F7319967}.Debug|Any CPU.ActiveCfg = Debug|Any CPU
		{E0769219-016A-4B4F-A10D-9CB0F7319967}.Debug|Any CPU.Build.0 = Debug|Any CPU
		{E0769219-016A-4B4F-A10D-9CB0F7319967}.Release|Any CPU.ActiveCfg = Release|Any CPU
		{E0769219-016A-4B4F-A10D-9CB0F7319967}.Release|Any CPU.Build.0 = Release|Any CPU
		{1C453AE5-F661-4349-98E2-89B00B2FFC80}.Debug|Any CPU.ActiveCfg = Debug|Any CPU
		{1C453AE5-F661-4349-98E2-89B00B2FFC80}.Debug|Any CPU.Build.0 = Debug|Any CPU
		{1C453AE5-F661-4349-98E2-89B00B2FFC80}.Release|Any CPU.ActiveCfg = Release|Any CPU
		{1C453AE5-F661-4349-98E2-89B00B2FFC80}.Release|Any CPU.Build.0 = Release|Any CPU
		{50E953CE-E914-4AC7-A072-294CB5425020}.Debug|Any CPU.ActiveCfg = Debug|Any CPU
		{50E953CE-E914-4AC7-A072-294CB5425020}.Debug|Any CPU.Build.0 = Debug|Any CPU
		{50E953CE-E914-4AC7-A072-294CB5425020}.Release|Any CPU.ActiveCfg = Release|Any CPU
		{50E953CE-E914-4AC7-A072-294CB5425020}.Release|Any CPU.Build.0 = Release|Any CPU
		{157C49A4-D9DF-4A9C-A413-5F0EE286D59A}.Debug|Any CPU.ActiveCfg = Debug|Any CPU
		{157C49A4-D9DF-4A9C-A413-5F0EE286D59A}.Debug|Any CPU.Build.0 = Debug|Any CPU
		{157C49A4-D9DF-4A9C-A413-5F0EE286D59A}.Release|Any CPU.ActiveCfg = Release|Any CPU
		{157C49A4-D9DF-4A9C-A413-5F0EE286D59A}.Release|Any CPU.Build.0 = Release|Any CPU
		{4B223B28-3A75-4373-86A7-262AF614E6BD}.Debug|Any CPU.ActiveCfg = Debug|Any CPU
		{4B223B28-3A75-4373-86A7-262AF614E6BD}.Debug|Any CPU.Build.0 = Debug|Any CPU
		{4B223B28-3A75-4373-86A7-262AF614E6BD}.Release|Any CPU.ActiveCfg = Release|Any CPU
		{4B223B28-3A75-4373-86A7-262AF614E6BD}.Release|Any CPU.Build.0 = Release|Any CPU
		{66D780FF-F4BC-4B47-B852-26302183B554}.Debug|Any CPU.ActiveCfg = Debug|Any CPU
		{66D780FF-F4BC-4B47-B852-26302183B554}.Debug|Any CPU.Build.0 = Debug|Any CPU
		{66D780FF-F4BC-4B47-B852-26302183B554}.Release|Any CPU.ActiveCfg = Release|Any CPU
		{66D780FF-F4BC-4B47-B852-26302183B554}.Release|Any CPU.Build.0 = Release|Any CPU
		{DC17D359-1CBD-4396-B601-E9E2D9DE6B3B}.Debug|Any CPU.ActiveCfg = Debug|Any CPU
		{DC17D359-1CBD-4396-B601-E9E2D9DE6B3B}.Debug|Any CPU.Build.0 = Debug|Any CPU
		{DC17D359-1CBD-4396-B601-E9E2D9DE6B3B}.Release|Any CPU.ActiveCfg = Release|Any CPU
		{DC17D359-1CBD-4396-B601-E9E2D9DE6B3B}.Release|Any CPU.Build.0 = Release|Any CPU
	EndGlobalSection
	GlobalSection(SolutionProperties) = preSolution
		HideSolutionNode = FALSE
	EndGlobalSection
	GlobalSection(NestedProjects) = preSolution
		{3086B886-9393-4E54-B042-A7296BB8E52E} = {1124C47D-4147-4B5C-BB16-3CEEBC3D0219}
		{E298DF24-CEDF-426D-8A7F-4054D40B1B35} = {AE65D526-A2E8-4BD2-8AF7-0E9CC841E8C3}
		{D743AD85-D9E6-4CC5-9521-641FCB1CA0D9} = {0C40943B-77C9-440E-AC59-E6DD32FF6A5B}
		{5A694B66-3123-4B60-982C-B57CF4C5FAAA} = {0F670C56-0026-45F0-86DC-5DCAA81154C0}
		{15ED5338-9BB4-4946-A6F4-7E68AD03E4F3} = {0F670C56-0026-45F0-86DC-5DCAA81154C0}
		{9A3F1760-FAD7-4D51-8A64-3CC5218C5BFB} = {0F670C56-0026-45F0-86DC-5DCAA81154C0}
		{2CCBB236-4760-4E63-AFFB-AF50342666D6} = {0F670C56-0026-45F0-86DC-5DCAA81154C0}
		{53FBF486-0331-4E7E-AEA0-64A9F5E42272} = {0F670C56-0026-45F0-86DC-5DCAA81154C0}
		{B85D6132-3983-4850-8D96-10721E127B8F} = {53FBF486-0331-4E7E-AEA0-64A9F5E42272}
		{B5F566F5-BF23-4146-8E22-72CDC8CFF3A9} = {53FBF486-0331-4E7E-AEA0-64A9F5E42272}
		{BEFA553A-9681-4805-86F2-A54865FE1EE8} = {4A87105D-0954-4A4B-BBC1-4E6B01F5B8FF}
		{E0769219-016A-4B4F-A10D-9CB0F7319967} = {BEFA553A-9681-4805-86F2-A54865FE1EE8}
		{1C453AE5-F661-4349-98E2-89B00B2FFC80} = {4A87105D-0954-4A4B-BBC1-4E6B01F5B8FF}
		{CD94126E-0E38-4D4A-84B8-AFCE60B86A35} = {4066B33E-3DC9-4D12-B3A2-EFAEE1AD1CCB}
		{50E953CE-E914-4AC7-A072-294CB5425020} = {CD94126E-0E38-4D4A-84B8-AFCE60B86A35}
		{157C49A4-D9DF-4A9C-A413-5F0EE286D59A} = {4066B33E-3DC9-4D12-B3A2-EFAEE1AD1CCB}
		{4B223B28-3A75-4373-86A7-262AF614E6BD} = {4066B33E-3DC9-4D12-B3A2-EFAEE1AD1CCB}
		{66D780FF-F4BC-4B47-B852-26302183B554} = {4066B33E-3DC9-4D12-B3A2-EFAEE1AD1CCB}
		{DC17D359-1CBD-4396-B601-E9E2D9DE6B3B} = {4066B33E-3DC9-4D12-B3A2-EFAEE1AD1CCB}
	EndGlobalSection
EndGlobal
